
Microsoft Visual Studio Solution File, Format Version 12.00
# Visual Studio 15
VisualStudioVersion = 15.0.26124.0
MinimumVisualStudioVersion = 15.0.26124.0
Project("{FAE04EC0-301F-11D3-BF4B-00C04F79EFBC}") = "nconsoler", "Core\nconsoler.csproj", "{CD342C46-EDCC-43CF-A3E9-B3430BAEAEB0}"
EndProject
Project("{2150E333-8FDC-42A3-9474-1A3956D46DE8}") = "Examples", "Examples", "{3A12EF0A-3B9D-4ACA-9F90-CBCE161E086C}"
EndProject
Project("{FAE04EC0-301F-11D3-BF4B-00C04F79EFBC}") = "HelloWorld", "Examples\HelloWorld\HelloWorld.csproj", "{17CA8D0E-DBC3-48C7-9AC2-4A1C76AC5A83}"
EndProject
Project("{FAE04EC0-301F-11D3-BF4B-00C04F79EFBC}") = "Multiplier", "Examples\Multiplier\Multiplier.csproj", "{4BF16CB8-1A10-48EF-B634-FA89B3B9D2A1}"
EndProject
Project("{FAE04EC0-301F-11D3-BF4B-00C04F79EFBC}") = "Quickstart", "Examples\Quickstart\Quickstart.csproj", "{DB631DA9-08AD-4990-9776-097B496DB4F4}"
EndProject
Project("{FAE04EC0-301F-11D3-BF4B-00C04F79EFBC}") = "Rich", "Examples\Rich\Rich.csproj", "{29A64F1C-57F7-4C1B-BE0D-4621C4EE7487}"
EndProject
Project("{FAE04EC0-301F-11D3-BF4B-00C04F79EFBC}") = "Tests", "Tests\Tests.csproj", "{09E7BC6E-8359-48A8-85E0-CF2244C3CD9F}"
EndProject
Global
	GlobalSection(SolutionConfigurationPlatforms) = preSolution
		Debug|Any CPU = Debug|Any CPU
		Debug|x64 = Debug|x64
		Debug|x86 = Debug|x86
		Release|Any CPU = Release|Any CPU
		Release|x64 = Release|x64
		Release|x86 = Release|x86
	EndGlobalSection
	GlobalSection(SolutionProperties) = preSolution
		HideSolutionNode = FALSE
	EndGlobalSection
	GlobalSection(ProjectConfigurationPlatforms) = postSolution
		{CD342C46-EDCC-43CF-A3E9-B3430BAEAEB0}.Debug|Any CPU.ActiveCfg = Debug|Any CPU
		{CD342C46-EDCC-43CF-A3E9-B3430BAEAEB0}.Debug|Any CPU.Build.0 = Debug|Any CPU
		{CD342C46-EDCC-43CF-A3E9-B3430BAEAEB0}.Debug|x64.ActiveCfg = Debug|Any CPU
		{CD342C46-EDCC-43CF-A3E9-B3430BAEAEB0}.Debug|x64.Build.0 = Debug|Any CPU
		{CD342C46-EDCC-43CF-A3E9-B3430BAEAEB0}.Debug|x86.ActiveCfg = Debug|Any CPU
		{CD342C46-EDCC-43CF-A3E9-B3430BAEAEB0}.Debug|x86.Build.0 = Debug|Any CPU
		{CD342C46-EDCC-43CF-A3E9-B3430BAEAEB0}.Release|Any CPU.ActiveCfg = Release|Any CPU
		{CD342C46-EDCC-43CF-A3E9-B3430BAEAEB0}.Release|Any CPU.Build.0 = Release|Any CPU
		{CD342C46-EDCC-43CF-A3E9-B3430BAEAEB0}.Release|x64.ActiveCfg = Release|Any CPU
		{CD342C46-EDCC-43CF-A3E9-B3430BAEAEB0}.Release|x64.Build.0 = Release|Any CPU
		{CD342C46-EDCC-43CF-A3E9-B3430BAEAEB0}.Release|x86.ActiveCfg = Release|Any CPU
		{CD342C46-EDCC-43CF-A3E9-B3430BAEAEB0}.Release|x86.Build.0 = Release|Any CPU
		{17CA8D0E-DBC3-48C7-9AC2-4A1C76AC5A83}.Debug|Any CPU.ActiveCfg = Debug|Any CPU
		{17CA8D0E-DBC3-48C7-9AC2-4A1C76AC5A83}.Debug|Any CPU.Build.0 = Debug|Any CPU
		{17CA8D0E-DBC3-48C7-9AC2-4A1C76AC5A83}.Debug|x64.ActiveCfg = Debug|Any CPU
		{17CA8D0E-DBC3-48C7-9AC2-4A1C76AC5A83}.Debug|x64.Build.0 = Debug|Any CPU
		{17CA8D0E-DBC3-48C7-9AC2-4A1C76AC5A83}.Debug|x86.ActiveCfg = Debug|Any CPU
		{17CA8D0E-DBC3-48C7-9AC2-4A1C76AC5A83}.Debug|x86.Build.0 = Debug|Any CPU
		{17CA8D0E-DBC3-48C7-9AC2-4A1C76AC5A83}.Release|Any CPU.ActiveCfg = Release|Any CPU
		{17CA8D0E-DBC3-48C7-9AC2-4A1C76AC5A83}.Release|Any CPU.Build.0 = Release|Any CPU
		{17CA8D0E-DBC3-48C7-9AC2-4A1C76AC5A83}.Release|x64.ActiveCfg = Release|Any CPU
		{17CA8D0E-DBC3-48C7-9AC2-4A1C76AC5A83}.Release|x64.Build.0 = Release|Any CPU
		{17CA8D0E-DBC3-48C7-9AC2-4A1C76AC5A83}.Release|x86.ActiveCfg = Release|Any CPU
		{17CA8D0E-DBC3-48C7-9AC2-4A1C76AC5A83}.Release|x86.Build.0 = Release|Any CPU
		{4BF16CB8-1A10-48EF-B634-FA89B3B9D2A1}.Debug|Any CPU.ActiveCfg = Debug|Any CPU
		{4BF16CB8-1A10-48EF-B634-FA89B3B9D2A1}.Debug|Any CPU.Build.0 = Debug|Any CPU
		{4BF16CB8-1A10-48EF-B634-FA89B3B9D2A1}.Debug|x64.ActiveCfg = Debug|Any CPU
		{4BF16CB8-1A10-48EF-B634-FA89B3B9D2A1}.Debug|x64.Build.0 = Debug|Any CPU
		{4BF16CB8-1A10-48EF-B634-FA89B3B9D2A1}.Debug|x86.ActiveCfg = Debug|Any CPU
		{4BF16CB8-1A10-48EF-B634-FA89B3B9D2A1}.Debug|x86.Build.0 = Debug|Any CPU
		{4BF16CB8-1A10-48EF-B634-FA89B3B9D2A1}.Release|Any CPU.ActiveCfg = Release|Any CPU
		{4BF16CB8-1A10-48EF-B634-FA89B3B9D2A1}.Release|Any CPU.Build.0 = Release|Any CPU
		{4BF16CB8-1A10-48EF-B634-FA89B3B9D2A1}.Release|x64.ActiveCfg = Release|Any CPU
		{4BF16CB8-1A10-48EF-B634-FA89B3B9D2A1}.Release|x64.Build.0 = Release|Any CPU
		{4BF16CB8-1A10-48EF-B634-FA89B3B9D2A1}.Release|x86.ActiveCfg = Release|Any CPU
		{4BF16CB8-1A10-48EF-B634-FA89B3B9D2A1}.Release|x86.Build.0 = Release|Any CPU
		{DB631DA9-08AD-4990-9776-097B496DB4F4}.Debug|Any CPU.ActiveCfg = Debug|Any CPU
		{DB631DA9-08AD-4990-9776-097B496DB4F4}.Debug|Any CPU.Build.0 = Debug|Any CPU
		{DB631DA9-08AD-4990-9776-097B496DB4F4}.Debug|x64.ActiveCfg = Debug|Any CPU
		{DB631DA9-08AD-4990-9776-097B496DB4F4}.Debug|x64.Build.0 = Debug|Any CPU
		{DB631DA9-08AD-4990-9776-097B496DB4F4}.Debug|x86.ActiveCfg = Debug|Any CPU
		{DB631DA9-08AD-4990-9776-097B496DB4F4}.Debug|x86.Build.0 = Debug|Any CPU
		{DB631DA9-08AD-4990-9776-097B496DB4F4}.Release|Any CPU.ActiveCfg = Release|Any CPU
		{DB631DA9-08AD-4990-9776-097B496DB4F4}.Release|Any CPU.Build.0 = Release|Any CPU
		{DB631DA9-08AD-4990-9776-097B496DB4F4}.Release|x64.ActiveCfg = Release|Any CPU
		{DB631DA9-08AD-4990-9776-097B496DB4F4}.Release|x64.Build.0 = Release|Any CPU
		{DB631DA9-08AD-4990-9776-097B496DB4F4}.Release|x86.ActiveCfg = Release|Any CPU
		{DB631DA9-08AD-4990-9776-097B496DB4F4}.Release|x86.Build.0 = Release|Any CPU
		{29A64F1C-57F7-4C1B-BE0D-4621C4EE7487}.Debug|Any CPU.ActiveCfg = Debug|Any CPU
		{29A64F1C-57F7-4C1B-BE0D-4621C4EE7487}.Debug|Any CPU.Build.0 = Debug|Any CPU
		{29A64F1C-57F7-4C1B-BE0D-4621C4EE7487}.Debug|x64.ActiveCfg = Debug|Any CPU
		{29A64F1C-57F7-4C1B-BE0D-4621C4EE7487}.Debug|x64.Build.0 = Debug|Any CPU
		{29A64F1C-57F7-4C1B-BE0D-4621C4EE7487}.Debug|x86.ActiveCfg = Debug|Any CPU
		{29A64F1C-57F7-4C1B-BE0D-4621C4EE7487}.Debug|x86.Build.0 = Debug|Any CPU
		{29A64F1C-57F7-4C1B-BE0D-4621C4EE7487}.Release|Any CPU.ActiveCfg = Release|Any CPU
		{29A64F1C-57F7-4C1B-BE0D-4621C4EE7487}.Release|Any CPU.Build.0 = Release|Any CPU
		{29A64F1C-57F7-4C1B-BE0D-4621C4EE7487}.Release|x64.ActiveCfg = Release|Any CPU
		{29A64F1C-57F7-4C1B-BE0D-4621C4EE7487}.Release|x64.Build.0 = Release|Any CPU
		{29A64F1C-57F7-4C1B-BE0D-4621C4EE7487}.Release|x86.ActiveCfg = Release|Any CPU
		{29A64F1C-57F7-4C1B-BE0D-4621C4EE7487}.Release|x86.Build.0 = Release|Any CPU
		{09E7BC6E-8359-48A8-85E0-CF2244C3CD9F}.Debug|Any CPU.ActiveCfg = Debug|Any CPU
		{09E7BC6E-8359-48A8-85E0-CF2244C3CD9F}.Debug|Any CPU.Build.0 = Debug|Any CPU
		{09E7BC6E-8359-48A8-85E0-CF2244C3CD9F}.Debug|x64.ActiveCfg = Debug|Any CPU
		{09E7BC6E-8359-48A8-85E0-CF2244C3CD9F}.Debug|x64.Build.0 = Debug|Any CPU
		{09E7BC6E-8359-48A8-85E0-CF2244C3CD9F}.Debug|x86.ActiveCfg = Debug|Any CPU
		{09E7BC6E-8359-48A8-85E0-CF2244C3CD9F}.Debug|x86.Build.0 = Debug|Any CPU
		{09E7BC6E-8359-48A8-85E0-CF2244C3CD9F}.Release|Any CPU.ActiveCfg = Release|Any CPU
		{09E7BC6E-8359-48A8-85E0-CF2244C3CD9F}.Release|Any CPU.Build.0 = Release|Any CPU
		{09E7BC6E-8359-48A8-85E0-CF2244C3CD9F}.Release|x64.ActiveCfg = Release|Any CPU
		{09E7BC6E-8359-48A8-85E0-CF2244C3CD9F}.Release|x64.Build.0 = Release|Any CPU
		{09E7BC6E-8359-48A8-85E0-CF2244C3CD9F}.Release|x86.ActiveCfg = Release|Any CPU
		{09E7BC6E-8359-48A8-85E0-CF2244C3CD9F}.Release|x86.Build.0 = Release|Any CPU
	EndGlobalSection
	GlobalSection(NestedProjects) = preSolution
		{17CA8D0E-DBC3-48C7-9AC2-4A1C76AC5A83} = {3A12EF0A-3B9D-4ACA-9F90-CBCE161E086C}
		{4BF16CB8-1A10-48EF-B634-FA89B3B9D2A1} = {3A12EF0A-3B9D-4ACA-9F90-CBCE161E086C}
		{DB631DA9-08AD-4990-9776-097B496DB4F4} = {3A12EF0A-3B9D-4ACA-9F90-CBCE161E086C}
		{29A64F1C-57F7-4C1B-BE0D-4621C4EE7487} = {3A12EF0A-3B9D-4ACA-9F90-CBCE161E086C}
	EndGlobalSection
EndGlobal
